
Microsoft Visual Studio Solution File, Format Version 12.00
# Visual Studio Version 17
VisualStudioVersion = 17.5.33424.131
MinimumVisualStudioVersion = 10.0.40219.1
Project("{9A19103F-16F7-4668-BE54-9A1E7A4F7556}") = "Welcome", "Welcome\Welcome.csproj", "{C92A30C2-BE15-4224-9634-A95EBF868CE0}"
EndProject
Project("{9A19103F-16F7-4668-BE54-9A1E7A4F7556}") = "WelcomeExtended", "WelcomeExtended\WelcomeExtended.csproj", "{F37353ED-40CF-4E38-9FFB-8F25D9B08C0B}"
EndProject
Project("{9A19103F-16F7-4668-BE54-9A1E7A4F7556}") = "DataLayer", "DataLayer\DataLayer.csproj", "{DB8ECE0F-BA84-4E47-B61B-B955310A7F73}"
EndProject
Project("{FAE04EC0-301F-11D3-BF4B-00C04F79EFBC}") = "UI", "UI\UI.csproj", "{361203A1-FA68-49BE-919F-8D2EEE2FE1F1}"
EndProject
Global
	GlobalSection(SolutionConfigurationPlatforms) = preSolution
		Debug|Any CPU = Debug|Any CPU
		Release|Any CPU = Release|Any CPU
	EndGlobalSection
	GlobalSection(ProjectConfigurationPlatforms) = postSolution
		{C92A30C2-BE15-4224-9634-A95EBF868CE0}.Debug|Any CPU.ActiveCfg = Debug|Any CPU
		{C92A30C2-BE15-4224-9634-A95EBF868CE0}.Debug|Any CPU.Build.0 = Debug|Any CPU
		{C92A30C2-BE15-4224-9634-A95EBF868CE0}.Release|Any CPU.ActiveCfg = Release|Any CPU
		{C92A30C2-BE15-4224-9634-A95EBF868CE0}.Release|Any CPU.Build.0 = Release|Any CPU
		{F37353ED-40CF-4E38-9FFB-8F25D9B08C0B}.Debug|Any CPU.ActiveCfg = Debug|Any CPU
		{F37353ED-40CF-4E38-9FFB-8F25D9B08C0B}.Debug|Any CPU.Build.0 = Debug|Any CPU
		{F37353ED-40CF-4E38-9FFB-8F25D9B08C0B}.Release|Any CPU.ActiveCfg = Release|Any CPU
		{F37353ED-40CF-4E38-9FFB-8F25D9B08C0B}.Release|Any CPU.Build.0 = Release|Any CPU
		{DB8ECE0F-BA84-4E47-B61B-B955310A7F73}.Debug|Any CPU.ActiveCfg = Debug|Any CPU
		{DB8ECE0F-BA84-4E47-B61B-B955310A7F73}.Debug|Any CPU.Build.0 = Debug|Any CPU
		{DB8ECE0F-BA84-4E47-B61B-B955310A7F73}.Release|Any CPU.ActiveCfg = Release|Any CPU
		{DB8ECE0F-BA84-4E47-B61B-B955310A7F73}.Release|Any CPU.Build.0 = Release|Any CPU
		{361203A1-FA68-49BE-919F-8D2EEE2FE1F1}.Debug|Any CPU.ActiveCfg = Debug|Any CPU
		{361203A1-FA68-49BE-919F-8D2EEE2FE1F1}.Debug|Any CPU.Build.0 = Debug|Any CPU
		{361203A1-FA68-49BE-919F-8D2EEE2FE1F1}.Release|Any CPU.ActiveCfg = Release|Any CPU
		{361203A1-FA68-49BE-919F-8D2EEE2FE1F1}.Release|Any CPU.Build.0 = Release|Any CPU
	EndGlobalSection
	GlobalSection(SolutionProperties) = preSolution
		HideSolutionNode = FALSE
	EndGlobalSection
	GlobalSection(ExtensibilityGlobals) = postSolution
		SolutionGuid = {805B26BE-339D-4915-85BC-8F716B506105}
	EndGlobalSection
EndGlobal
